
Microsoft Visual Studio Solution File, Format Version 12.00
# Visual Studio Version 16
VisualStudioVersion = 16.0.29509.3
MinimumVisualStudioVersion = 10.0.40219.1
Project("{FAE04EC0-301F-11D3-BF4B-00C04F79EFBC}") = "DAL", "DAL\DAL.csproj", "{DC106F7B-69D2-49C5-A8CD-649C476614D3}"
EndProject
Project("{FAE04EC0-301F-11D3-BF4B-00C04F79EFBC}") = "DAL.Tests", "DAL.Tests\DAL.Tests.csproj", "{DF69A2F1-3A74-4720-B9E4-88FCC4CF4B79}"
EndProject
Project("{FAE04EC0-301F-11D3-BF4B-00C04F79EFBC}") = "BLL", "BLL\BLL.csproj", "{BB25416A-27A6-43F1-AE06-116EE1780596}"
EndProject
Project("{FAE04EC0-301F-11D3-BF4B-00C04F79EFBC}") = "CLL", "CLL\CLL.csproj", "{B3C13C7A-254A-46EC-9E88-46DC2C63F0AA}"
EndProject
Global
	GlobalSection(SolutionConfigurationPlatforms) = preSolution
		Debug|Any CPU = Debug|Any CPU
		Release|Any CPU = Release|Any CPU
	EndGlobalSection
	GlobalSection(ProjectConfigurationPlatforms) = postSolution
		{DC106F7B-69D2-49C5-A8CD-649C476614D3}.Debug|Any CPU.ActiveCfg = Debug|Any CPU
		{DC106F7B-69D2-49C5-A8CD-649C476614D3}.Debug|Any CPU.Build.0 = Debug|Any CPU
		{DC106F7B-69D2-49C5-A8CD-649C476614D3}.Release|Any CPU.ActiveCfg = Release|Any CPU
		{DC106F7B-69D2-49C5-A8CD-649C476614D3}.Release|Any CPU.Build.0 = Release|Any CPU
		{DF69A2F1-3A74-4720-B9E4-88FCC4CF4B79}.Debug|Any CPU.ActiveCfg = Debug|Any CPU
		{DF69A2F1-3A74-4720-B9E4-88FCC4CF4B79}.Debug|Any CPU.Build.0 = Debug|Any CPU
		{DF69A2F1-3A74-4720-B9E4-88FCC4CF4B79}.Release|Any CPU.ActiveCfg = Release|Any CPU
		{DF69A2F1-3A74-4720-B9E4-88FCC4CF4B79}.Release|Any CPU.Build.0 = Release|Any CPU
		{BB25416A-27A6-43F1-AE06-116EE1780596}.Debug|Any CPU.ActiveCfg = Debug|Any CPU
		{BB25416A-27A6-43F1-AE06-116EE1780596}.Debug|Any CPU.Build.0 = Debug|Any CPU
		{BB25416A-27A6-43F1-AE06-116EE1780596}.Release|Any CPU.ActiveCfg = Release|Any CPU
		{BB25416A-27A6-43F1-AE06-116EE1780596}.Release|Any CPU.Build.0 = Release|Any CPU
		{B3C13C7A-254A-46EC-9E88-46DC2C63F0AA}.Debug|Any CPU.ActiveCfg = Debug|Any CPU
		{B3C13C7A-254A-46EC-9E88-46DC2C63F0AA}.Debug|Any CPU.Build.0 = Debug|Any CPU
		{B3C13C7A-254A-46EC-9E88-46DC2C63F0AA}.Release|Any CPU.ActiveCfg = Release|Any CPU
		{B3C13C7A-254A-46EC-9E88-46DC2C63F0AA}.Release|Any CPU.Build.0 = Release|Any CPU
	EndGlobalSection
	GlobalSection(SolutionProperties) = preSolution
		HideSolutionNode = FALSE
	EndGlobalSection
	GlobalSection(ExtensibilityGlobals) = postSolution
		SolutionGuid = {387669CD-716D-49E8-B73B-A83ED072D867}
	EndGlobalSection
EndGlobal
