
Microsoft Visual Studio Solution File, Format Version 12.00
# Visual Studio Version 16
VisualStudioVersion = 16.0.29509.3
MinimumVisualStudioVersion = 10.0.40219.1
Project("{FAE04EC0-301F-11D3-BF4B-00C04F79EFBC}") = "10(13)", "10(13)\10(13).csproj", "{203CD21B-58A3-476D-9431-19061393DE3B}"
EndProject
Global
	GlobalSection(SolutionConfigurationPlatforms) = preSolution
		Debug|Any CPU = Debug|Any CPU
		Release|Any CPU = Release|Any CPU
	EndGlobalSection
	GlobalSection(ProjectConfigurationPlatforms) = postSolution
		{203CD21B-58A3-476D-9431-19061393DE3B}.Debug|Any CPU.ActiveCfg = Debug|Any CPU
		{203CD21B-58A3-476D-9431-19061393DE3B}.Debug|Any CPU.Build.0 = Debug|Any CPU
		{203CD21B-58A3-476D-9431-19061393DE3B}.Release|Any CPU.ActiveCfg = Release|Any CPU
		{203CD21B-58A3-476D-9431-19061393DE3B}.Release|Any CPU.Build.0 = Release|Any CPU
	EndGlobalSection
	GlobalSection(SolutionProperties) = preSolution
		HideSolutionNode = FALSE
	EndGlobalSection
	GlobalSection(ExtensibilityGlobals) = postSolution
		SolutionGuid = {3AA7DD41-CB85-4B45-B39D-37811AC80F99}
	EndGlobalSection
EndGlobal
